
Microsoft Visual Studio Solution File, Format Version 12.00
# Visual Studio 15
VisualStudioVersion = 15.0.27703.2042
MinimumVisualStudioVersion = 10.0.40219.1
Project("{FAE04EC0-301F-11D3-BF4B-00C04F79EFBC}") = "TS", "TS\TS.csproj", "{903CBBEB-9C9B-491D-9BA1-CCF8DD47861F}"
EndProject
Global
	GlobalSection(SolutionConfigurationPlatforms) = preSolution
		Debug|Any CPU = Debug|Any CPU
		Release|Any CPU = Release|Any CPU
	EndGlobalSection
	GlobalSection(ProjectConfigurationPlatforms) = postSolution
		{903CBBEB-9C9B-491D-9BA1-CCF8DD47861F}.Debug|Any CPU.ActiveCfg = Debug|Any CPU
		{903CBBEB-9C9B-491D-9BA1-CCF8DD47861F}.Debug|Any CPU.Build.0 = Debug|Any CPU
		{903CBBEB-9C9B-491D-9BA1-CCF8DD47861F}.Release|Any CPU.ActiveCfg = Release|Any CPU
		{903CBBEB-9C9B-491D-9BA1-CCF8DD47861F}.Release|Any CPU.Build.0 = Release|Any CPU
	EndGlobalSection
	GlobalSection(SolutionProperties) = preSolution
		HideSolutionNode = FALSE
	EndGlobalSection
	GlobalSection(ExtensibilityGlobals) = postSolution
		SolutionGuid = {8572CD74-B867-4763-A05A-C9663D240AB7}
	EndGlobalSection
EndGlobal
